// !$*UTF8*$!
{
	archiveVersion = 1;
	classes = {
	};
	objectVersion = 46;
	objects = {

/* Begin PBXBuildFile section */
		0D3601FD1DB42976001F2DDC /* AppDelegate.swift in Sources */ = {isa = PBXBuildFile; fileRef = 0D3601FC1DB42976001F2DDC /* AppDelegate.swift */; };
		0D3602021DB42976001F2DDC /* Main.storyboard in Resources */ = {isa = PBXBuildFile; fileRef = 0D3602001DB42976001F2DDC /* Main.storyboard */; };
		0D3602041DB42976001F2DDC /* Assets.xcassets in Resources */ = {isa = PBXBuildFile; fileRef = 0D3602031DB42976001F2DDC /* Assets.xcassets */; };
		0D3602071DB42976001F2DDC /* LaunchScreen.storyboard in Resources */ = {isa = PBXBuildFile; fileRef = 0D3602051DB42976001F2DDC /* LaunchScreen.storyboard */; };
		0D3602191DB42C6C001F2DDC /* MainViewController.swift in Sources */ = {isa = PBXBuildFile; fileRef = 0D3602181DB42C6C001F2DDC /* MainViewController.swift */; };
		0D36021D1DB42CEA001F2DDC /* MainViewController.xib in Resources */ = {isa = PBXBuildFile; fileRef = 0D36021C1DB42CEA001F2DDC /* MainViewController.xib */; };
		0D36021F1DB430C7001F2DDC /* MenuViewControler.swift in Sources */ = {isa = PBXBuildFile; fileRef = 0D36021E1DB430C7001F2DDC /* MenuViewControler.swift */; };
		0D3602261DB4356C001F2DDC /* GameCell.xib in Resources */ = {isa = PBXBuildFile; fileRef = 0D3602251DB4356C001F2DDC /* GameCell.xib */; };
		0D36022A1DB435BF001F2DDC /* GameCell.swift in Sources */ = {isa = PBXBuildFile; fileRef = 0D3602291DB435BF001F2DDC /* GameCell.swift */; };
		0D36022C1DB436E9001F2DDC /* GameSpace.swift in Sources */ = {isa = PBXBuildFile; fileRef = 0D36022B1DB436E9001F2DDC /* GameSpace.swift */; };
		0D36022E1DB43749001F2DDC /* Enums.swift in Sources */ = {isa = PBXBuildFile; fileRef = 0D36022D1DB43749001F2DDC /* Enums.swift */; };
		0D3602311DB43944001F2DDC /* TicTacToeFlow.swift in Sources */ = {isa = PBXBuildFile; fileRef = 0D3602301DB43944001F2DDC /* TicTacToeFlow.swift */; };
/* End PBXBuildFile section */

/* Begin PBXFileReference section */
		0D3601F91DB42976001F2DDC /* TicTacToe.app */ = {isa = PBXFileReference; explicitFileType = wrapper.application; includeInIndex = 0; path = TicTacToe.app; sourceTree = BUILT_PRODUCTS_DIR; };
		0D3601FC1DB42976001F2DDC /* AppDelegate.swift */ = {isa = PBXFileReference; lastKnownFileType = sourcecode.swift; path = AppDelegate.swift; sourceTree = "<group>"; };
		0D3602011DB42976001F2DDC /* Base */ = {isa = PBXFileReference; lastKnownFileType = file.storyboard; name = Base; path = Base.lproj/Main.storyboard; sourceTree = "<group>"; };
		0D3602031DB42976001F2DDC /* Assets.xcassets */ = {isa = PBXFileReference; lastKnownFileType = folder.assetcatalog; path = Assets.xcassets; sourceTree = "<group>"; };
		0D3602061DB42976001F2DDC /* Base */ = {isa = PBXFileReference; lastKnownFileType = file.storyboard; name = Base; path = Base.lproj/LaunchScreen.storyboard; sourceTree = "<group>"; };
		0D3602081DB42976001F2DDC /* Info.plist */ = {isa = PBXFileReference; lastKnownFileType = text.plist.xml; path = Info.plist; sourceTree = "<group>"; };
		0D3602181DB42C6C001F2DDC /* MainViewController.swift */ = {isa = PBXFileReference; fileEncoding = 4; lastKnownFileType = sourcecode.swift; path = MainViewController.swift; sourceTree = "<group>"; };
		0D36021C1DB42CEA001F2DDC /* MainViewController.xib */ = {isa = PBXFileReference; fileEncoding = 4; lastKnownFileType = file.xib; path = MainViewController.xib; sourceTree = "<group>"; };
		0D36021E1DB430C7001F2DDC /* MenuViewControler.swift */ = {isa = PBXFileReference; fileEncoding = 4; lastKnownFileType = sourcecode.swift; path = MenuViewControler.swift; sourceTree = "<group>"; };
		0D3602251DB4356C001F2DDC /* GameCell.xib */ = {isa = PBXFileReference; fileEncoding = 4; lastKnownFileType = file.xib; path = GameCell.xib; sourceTree = "<group>"; };
		0D3602291DB435BF001F2DDC /* GameCell.swift */ = {isa = PBXFileReference; fileEncoding = 4; lastKnownFileType = sourcecode.swift; path = GameCell.swift; sourceTree = "<group>"; };
		0D36022B1DB436E9001F2DDC /* GameSpace.swift */ = {isa = PBXFileReference; fileEncoding = 4; lastKnownFileType = sourcecode.swift; path = GameSpace.swift; sourceTree = "<group>"; };
		0D36022D1DB43749001F2DDC /* Enums.swift */ = {isa = PBXFileReference; fileEncoding = 4; lastKnownFileType = sourcecode.swift; path = Enums.swift; sourceTree = "<group>"; };
		0D3602301DB43944001F2DDC /* TicTacToeFlow.swift */ = {isa = PBXFileReference; fileEncoding = 4; lastKnownFileType = sourcecode.swift; path = TicTacToeFlow.swift; sourceTree = "<group>"; };
/* End PBXFileReference section */

/* Begin PBXFrameworksBuildPhase section */
		0D3601F61DB42976001F2DDC /* Frameworks */ = {
			isa = PBXFrameworksBuildPhase;
			buildActionMask = 2147483647;
			files = (
			);
			runOnlyForDeploymentPostprocessing = 0;
		};
/* End PBXFrameworksBuildPhase section */

/* Begin PBXGroup section */
		0D3601F01DB42976001F2DDC = {
			isa = PBXGroup;
			children = (
				0D3601FB1DB42976001F2DDC /* TicTacToe */,
				0D3601FA1DB42976001F2DDC /* Products */,
			);
			sourceTree = "<group>";
		};
		0D3601FA1DB42976001F2DDC /* Products */ = {
			isa = PBXGroup;
			children = (
				0D3601F91DB42976001F2DDC /* TicTacToe.app */,
			);
			name = Products;
			sourceTree = "<group>";
		};
		0D3601FB1DB42976001F2DDC /* TicTacToe */ = {
			isa = PBXGroup;
			children = (
				0D36020F1DB42AD2001F2DDC /* Resources */,
				0D36020E1DB42ABF001F2DDC /* Shared */,
				0D3602111DB42AF0001F2DDC /* Supporting Files */,
			);
			path = TicTacToe;
			sourceTree = "<group>";
		};
		0D36020E1DB42ABF001F2DDC /* Shared */ = {
			isa = PBXGroup;
			children = (
				0D3602121DB42BA7001F2DDC /* Controllers */,
				0D3602131DB42BAC001F2DDC /* Models */,
				0D3602141DB42BB4001F2DDC /* UI */,
			);
			name = Shared;
			sourceTree = "<group>";
		};
		0D36020F1DB42AD2001F2DDC /* Resources */ = {
			isa = PBXGroup;
			children = (
				0D3602031DB42976001F2DDC /* Assets.xcassets */,
			);
			name = Resources;
			sourceTree = "<group>";
		};
		0D3602111DB42AF0001F2DDC /* Supporting Files */ = {
			isa = PBXGroup;
			children = (
				0D3601FC1DB42976001F2DDC /* AppDelegate.swift */,
				0D3602081DB42976001F2DDC /* Info.plist */,
				0D36022D1DB43749001F2DDC /* Enums.swift */,
			);
			name = "Supporting Files";
			sourceTree = "<group>";
		};
		0D3602121DB42BA7001F2DDC /* Controllers */ = {
			isa = PBXGroup;
			children = (
				0D3602181DB42C6C001F2DDC /* MainViewController.swift */,
				0D36021E1DB430C7001F2DDC /* MenuViewControler.swift */,
			);
			name = Controllers;
			sourceTree = "<group>";
		};
		0D3602131DB42BAC001F2DDC /* Models */ = {
			isa = PBXGroup;
			children = (
				0D36022B1DB436E9001F2DDC /* GameSpace.swift */,
			);
			name = Models;
			sourceTree = "<group>";
		};
		0D3602141DB42BB4001F2DDC /* UI */ = {
			isa = PBXGroup;
			children = (
				0D36022F1DB43924001F2DDC /* Custom */,
				0D3602271DB435A5001F2DDC /* Views */,
				0D36021A1DB42CA4001F2DDC /* Xibs */,
			);
			name = UI;
			sourceTree = "<group>";
		};
		0D3602161DB42BC2001F2DDC /* Controllers */ = {
			isa = PBXGroup;
			children = (
				0D36021C1DB42CEA001F2DDC /* MainViewController.xib */,
			);
			name = Controllers;
			sourceTree = "<group>";
		};
		0D3602171DB42BC7001F2DDC /* Storyboards */ = {
			isa = PBXGroup;
			children = (
				0D3602001DB42976001F2DDC /* Main.storyboard */,
				0D3602051DB42976001F2DDC /* LaunchScreen.storyboard */,
			);
			name = Storyboards;
			sourceTree = "<group>";
		};
		0D36021A1DB42CA4001F2DDC /* Xibs */ = {
			isa = PBXGroup;
			children = (
				0D3602221DB4353F001F2DDC /* Cells */,
				0D3602161DB42BC2001F2DDC /* Controllers */,
				0D3602171DB42BC7001F2DDC /* Storyboards */,
			);
			name = Xibs;
			sourceTree = "<group>";
		};
		0D3602221DB4353F001F2DDC /* Cells */ = {
			isa = PBXGroup;
			children = (
				0D3602251DB4356C001F2DDC /* GameCell.xib */,
			);
			name = Cells;
			sourceTree = "<group>";
		};
		0D3602271DB435A5001F2DDC /* Views */ = {
			isa = PBXGroup;
			children = (
				0D3602281DB435B3001F2DDC /* Cells */,
			);
			name = Views;
			sourceTree = "<group>";
		};
		0D3602281DB435B3001F2DDC /* Cells */ = {
			isa = PBXGroup;
			children = (
				0D3602291DB435BF001F2DDC /* GameCell.swift */,
			);
			name = Cells;
			sourceTree = "<group>";
		};
		0D36022F1DB43924001F2DDC /* Custom */ = {
			isa = PBXGroup;
			children = (
				0D3602301DB43944001F2DDC /* TicTacToeFlow.swift */,
			);
			name = Custom;
			sourceTree = "<group>";
		};
/* End PBXGroup section */

/* Begin PBXNativeTarget section */
		0D3601F81DB42976001F2DDC /* TicTacToe */ = {
			isa = PBXNativeTarget;
			buildConfigurationList = 0D36020B1DB42976001F2DDC /* Build configuration list for PBXNativeTarget "TicTacToe" */;
			buildPhases = (
				0D3601F51DB42976001F2DDC /* Sources */,
				0D3601F61DB42976001F2DDC /* Frameworks */,
				0D3601F71DB42976001F2DDC /* Resources */,
			);
			buildRules = (
			);
			dependencies = (
			);
			name = TicTacToe;
			productName = TicTacToe;
			productReference = 0D3601F91DB42976001F2DDC /* TicTacToe.app */;
			productType = "com.apple.product-type.application";
		};
/* End PBXNativeTarget section */

/* Begin PBXProject section */
		0D3601F11DB42976001F2DDC /* Project object */ = {
			isa = PBXProject;
			attributes = {
				LastSwiftUpdateCheck = 0800;
				LastUpgradeCheck = 0800;
				ORGANIZATIONNAME = "SCAPPS 2016";
				TargetAttributes = {
					0D3601F81DB42976001F2DDC = {
						CreatedOnToolsVersion = 8.0;
						DevelopmentTeam = 6G9RF9YXXU;
						ProvisioningStyle = Automatic;
					};
				};
			};
			buildConfigurationList = 0D3601F41DB42976001F2DDC /* Build configuration list for PBXProject "TicTacToe" */;
			compatibilityVersion = "Xcode 3.2";
			developmentRegion = English;
			hasScannedForEncodings = 0;
			knownRegions = (
				en,
				Base,
			);
			mainGroup = 0D3601F01DB42976001F2DDC;
			productRefGroup = 0D3601FA1DB42976001F2DDC /* Products */;
			projectDirPath = "";
			projectRoot = "";
			targets = (
				0D3601F81DB42976001F2DDC /* TicTacToe */,
			);
		};
/* End PBXProject section */

/* Begin PBXResourcesBuildPhase section */
		0D3601F71DB42976001F2DDC /* Resources */ = {
			isa = PBXResourcesBuildPhase;
			buildActionMask = 2147483647;
			files = (
				0D3602071DB42976001F2DDC /* LaunchScreen.storyboard in Resources */,
				0D3602261DB4356C001F2DDC /* GameCell.xib in Resources */,
				0D3602041DB42976001F2DDC /* Assets.xcassets in Resources */,
				0D3602021DB42976001F2DDC /* Main.storyboard in Resources */,
				0D36021D1DB42CEA001F2DDC /* MainViewController.xib in Resources */,
			);
			runOnlyForDeploymentPostprocessing = 0;
		};
/* End PBXResourcesBuildPhase section */

/* Begin PBXSourcesBuildPhase section */
		0D3601F51DB42976001F2DDC /* Sources */ = {
			isa = PBXSourcesBuildPhase;
			buildActionMask = 2147483647;
			files = (
				0D3602311DB43944001F2DDC /* TicTacToeFlow.swift in Sources */,
				0D36021F1DB430C7001F2DDC /* MenuViewControler.swift in Sources */,
				0D3601FD1DB42976001F2DDC /* AppDelegate.swift in Sources */,
				0D36022C1DB436E9001F2DDC /* GameSpace.swift in Sources */,
				0D3602191DB42C6C001F2DDC /* MainViewController.swift in Sources */,
				0D36022A1DB435BF001F2DDC /* GameCell.swift in Sources */,
				0D36022E1DB43749001F2DDC /* Enums.swift in Sources */,
			);
			runOnlyForDeploymentPostprocessing = 0;
		};
/* End PBXSourcesBuildPhase section */

/* Begin PBXVariantGroup section */
		0D3602001DB42976001F2DDC /* Main.storyboard */ = {
			isa = PBXVariantGroup;
			children = (
				0D3602011DB42976001F2DDC /* Base */,
			);
			name = Main.storyboard;
			sourceTree = "<group>";
		};
		0D3602051DB42976001F2DDC /* LaunchScreen.storyboard */ = {
			isa = PBXVariantGroup;
			children = (
				0D3602061DB42976001F2DDC /* Base */,
			);
			name = LaunchScreen.storyboard;
			sourceTree = "<group>";
		};
/* End PBXVariantGroup section */

/* Begin XCBuildConfiguration section */
		0D3602091DB42976001F2DDC /* Debug */ = {
			isa = XCBuildConfiguration;
			buildSettings = {
				ALWAYS_SEARCH_USER_PATHS = NO;
				CLANG_ANALYZER_NONNULL = YES;
				CLANG_CXX_LANGUAGE_STANDARD = "gnu++0x";
				CLANG_CXX_LIBRARY = "libc++";
				CLANG_ENABLE_MODULES = YES;
				CLANG_ENABLE_OBJC_ARC = YES;
				CLANG_WARN_BOOL_CONVERSION = YES;
				CLANG_WARN_CONSTANT_CONVERSION = YES;
				CLANG_WARN_DIRECT_OBJC_ISA_USAGE = YES_ERROR;
				CLANG_WARN_DOCUMENTATION_COMMENTS = YES;
				CLANG_WARN_EMPTY_BODY = YES;
				CLANG_WARN_ENUM_CONVERSION = YES;
				CLANG_WARN_INFINITE_RECURSION = YES;
				CLANG_WARN_INT_CONVERSION = YES;
				CLANG_WARN_OBJC_ROOT_CLASS = YES_ERROR;
				CLANG_WARN_SUSPICIOUS_MOVES = YES;
				CLANG_WARN_UNREACHABLE_CODE = YES;
				CLANG_WARN__DUPLICATE_METHOD_MATCH = YES;
				"CODE_SIGN_IDENTITY[sdk=iphoneos*]" = "iPhone Developer";
				COPY_PHASE_STRIP = NO;
				DEBUG_INFORMATION_FORMAT = dwarf;
				ENABLE_STRICT_OBJC_MSGSEND = YES;
				ENABLE_TESTABILITY = YES;
				GCC_C_LANGUAGE_STANDARD = gnu99;
				GCC_DYNAMIC_NO_PIC = NO;
				GCC_NO_COMMON_BLOCKS = YES;
				GCC_OPTIMIZATION_LEVEL = 0;
				GCC_PREPROCESSOR_DEFINITIONS = (
					"DEBUG=1",
					"$(inherited)",
				);
				GCC_WARN_64_TO_32_BIT_CONVERSION = YES;
				GCC_WARN_ABOUT_RETURN_TYPE = YES_ERROR;
				GCC_WARN_UNDECLARED_SELECTOR = YES;
				GCC_WARN_UNINITIALIZED_AUTOS = YES_AGGRESSIVE;
				GCC_WARN_UNUSED_FUNCTION = YES;
				GCC_WARN_UNUSED_VARIABLE = YES;
				IPHONEOS_DEPLOYMENT_TARGET = 10.0;
				MTL_ENABLE_DEBUG_INFO = YES;
				ONLY_ACTIVE_ARCH = YES;
				SDKROOT = iphoneos;
				SWIFT_ACTIVE_COMPILATION_CONDITIONS = DEBUG;
				SWIFT_OPTIMIZATION_LEVEL = "-Onone";
				TARGETED_DEVICE_FAMILY = "1,2";
			};
			name = Debug;
		};
		0D36020A1DB42976001F2DDC /* Release */ = {
			isa = XCBuildConfiguration;
			buildSettings = {
				ALWAYS_SEARCH_USER_PATHS = NO;
				CLANG_ANALYZER_NONNULL = YES;
				CLANG_CXX_LANGUAGE_STANDARD = "gnu++0x";
				CLANG_CXX_LIBRARY = "libc++";
				CLANG_ENABLE_MODULES = YES;
				CLANG_ENABLE_OBJC_ARC = YES;
				CLANG_WARN_BOOL_CONVERSION = YES;
				CLANG_WARN_CONSTANT_CONVERSION = YES;
				CLANG_WARN_DIRECT_OBJC_ISA_USAGE = YES_ERROR;
				CLANG_WARN_DOCUMENTATION_COMMENTS = YES;
				CLANG_WARN_EMPTY_BODY = YES;
				CLANG_WARN_ENUM_CONVERSION = YES;
				CLANG_WARN_INFINITE_RECURSION = YES;
				CLANG_WARN_INT_CONVERSION = YES;
				CLANG_WARN_OBJC_ROOT_CLASS = YES_ERROR;
				CLANG_WARN_SUSPICIOUS_MOVES = YES;
				CLANG_WARN_UNREACHABLE_CODE = YES;
				CLANG_WARN__DUPLICATE_METHOD_MATCH = YES;
				"CODE_SIGN_IDENTITY[sdk=iphoneos*]" = "iPhone Developer";
				COPY_PHASE_STRIP = NO;
				DEBUG_INFORMATION_FORMAT = "dwarf-with-dsym";
				ENABLE_NS_ASSERTIONS = NO;
				ENABLE_STRICT_OBJC_MSGSEND = YES;
				GCC_C_LANGUAGE_STANDARD = gnu99;
				GCC_NO_COMMON_BLOCKS = YES;
				GCC_WARN_64_TO_32_BIT_CONVERSION = YES;
				GCC_WARN_ABOUT_RETURN_TYPE = YES_ERROR;
				GCC_WARN_UNDECLARED_SELECTOR = YES;
				GCC_WARN_UNINITIALIZED_AUTOS = YES_AGGRESSIVE;
				GCC_WARN_UNUSED_FUNCTION = YES;
				GCC_WARN_UNUSED_VARIABLE = YES;
				IPHONEOS_DEPLOYMENT_TARGET = 10.0;
				MTL_ENABLE_DEBUG_INFO = NO;
				SDKROOT = iphoneos;
				SWIFT_OPTIMIZATION_LEVEL = "-Owholemodule";
				TARGETED_DEVICE_FAMILY = "1,2";
				VALIDATE_PRODUCT = YES;
			};
			name = Release;
		};
		0D36020C1DB42976001F2DDC /* Debug */ = {
			isa = XCBuildConfiguration;
			buildSettings = {
				ASSETCATALOG_COMPILER_APPICON_NAME = AppIcon;
				DEVELOPMENT_TEAM = 6G9RF9YXXU;
				INFOPLIST_FILE = TicTacToe/Info.plist;
				IPHONEOS_DEPLOYMENT_TARGET = 8.1;
				LD_RUNPATH_SEARCH_PATHS = "$(inherited) @executable_path/Frameworks";
				PRODUCT_BUNDLE_IDENTIFIER = omas.TicTacToe;
				PRODUCT_NAME = "$(TARGET_NAME)";
				SWIFT_VERSION = 3.0;
			};
			name = Debug;
		};
		0D36020D1DB42976001F2DDC /* Release */ = {
			isa = XCBuildConfiguration;
			buildSettings = {
				ASSETCATALOG_COMPILER_APPICON_NAME = AppIcon;
				DEVELOPMENT_TEAM = 6G9RF9YXXU;
				INFOPLIST_FILE = TicTacToe/Info.plist;
				IPHONEOS_DEPLOYMENT_TARGET = 8.1;
				LD_RUNPATH_SEARCH_PATHS = "$(inherited) @executable_path/Frameworks";
				PRODUCT_BUNDLE_IDENTIFIER = omas.TicTacToe;
				PRODUCT_NAME = "$(TARGET_NAME)";
				SWIFT_VERSION = 3.0;
			};
			name = Release;
		};
/* End XCBuildConfiguration section */

/* Begin XCConfigurationList section */
		0D3601F41DB42976001F2DDC /* Build configuration list for PBXProject "TicTacToe" */ = {
			isa = XCConfigurationList;
			buildConfigurations = (
				0D3602091DB42976001F2DDC /* Debug */,
				0D36020A1DB42976001F2DDC /* Release */,
			);
			defaultConfigurationIsVisible = 0;
			defaultConfigurationName = Release;
		};
		0D36020B1DB42976001F2DDC /* Build configuration list for PBXNativeTarget "TicTacToe" */ = {
			isa = XCConfigurationList;
			buildConfigurations = (
				0D36020C1DB42976001F2DDC /* Debug */,
				0D36020D1DB42976001F2DDC /* Release */,
			);
			defaultConfigurationIsVisible = 0;
		};
/* End XCConfigurationList section */
	};
	rootObject = 0D3601F11DB42976001F2DDC /* Project object */;
}
